// !$*UTF8*$!
{
	archiveVersion = 1;
	classes = {
	};
	objectVersion = 50;
	objects = {

/* Begin PBXBuildFile section */
		0784C8CB70A60F354BAC7D5C /* Pods_RockPaperScissorsTests.framework in Frameworks */ = {isa = PBXBuildFile; fileRef = AF7D50AEDAA7040E0E23B6A4 /* Pods_RockPaperScissorsTests.framework */; };
		1518C6172194BD62004FA8A7 /* AppDelegate.swift in Sources */ = {isa = PBXBuildFile; fileRef = 1518C6162194BD62004FA8A7 /* AppDelegate.swift */; };
		1518C6192194BD62004FA8A7 /* ViewController.swift in Sources */ = {isa = PBXBuildFile; fileRef = 1518C6182194BD62004FA8A7 /* ViewController.swift */; };
		1518C61C2194BD62004FA8A7 /* Main.storyboard in Resources */ = {isa = PBXBuildFile; fileRef = 1518C61A2194BD62004FA8A7 /* Main.storyboard */; };
		1518C61E2194BD63004FA8A7 /* Assets.xcassets in Resources */ = {isa = PBXBuildFile; fileRef = 1518C61D2194BD63004FA8A7 /* Assets.xcassets */; };
		1518C6212194BD63004FA8A7 /* LaunchScreen.storyboard in Resources */ = {isa = PBXBuildFile; fileRef = 1518C61F2194BD63004FA8A7 /* LaunchScreen.storyboard */; };
		1518C62C2194BD63004FA8A7 /* RockPaperScissorsTests.swift in Sources */ = {isa = PBXBuildFile; fileRef = 1518C62B2194BD63004FA8A7 /* RockPaperScissorsTests.swift */; };
		53FC7FAD446306D73436458E /* Pods_RockPaperScissors.framework in Frameworks */ = {isa = PBXBuildFile; fileRef = 9DFD7AA449F06665E4AB04BA /* Pods_RockPaperScissors.framework */; };
/* End PBXBuildFile section */

/* Begin PBXContainerItemProxy section */
		1518C6282194BD63004FA8A7 /* PBXContainerItemProxy */ = {
			isa = PBXContainerItemProxy;
			containerPortal = 1518C60B2194BD62004FA8A7 /* Project object */;
			proxyType = 1;
			remoteGlobalIDString = 1518C6122194BD62004FA8A7;
			remoteInfo = RockPaperScissors;
		};
/* End PBXContainerItemProxy section */

/* Begin PBXFileReference section */
		1518C6132194BD62004FA8A7 /* RockPaperScissors.app */ = {isa = PBXFileReference; explicitFileType = wrapper.application; includeInIndex = 0; path = RockPaperScissors.app; sourceTree = BUILT_PRODUCTS_DIR; };
		1518C6162194BD62004FA8A7 /* AppDelegate.swift */ = {isa = PBXFileReference; lastKnownFileType = sourcecode.swift; path = AppDelegate.swift; sourceTree = "<group>"; };
		1518C6182194BD62004FA8A7 /* ViewController.swift */ = {isa = PBXFileReference; lastKnownFileType = sourcecode.swift; path = ViewController.swift; sourceTree = "<group>"; };
		1518C61B2194BD62004FA8A7 /* Base */ = {isa = PBXFileReference; lastKnownFileType = file.storyboard; name = Base; path = Base.lproj/Main.storyboard; sourceTree = "<group>"; };
		1518C61D2194BD63004FA8A7 /* Assets.xcassets */ = {isa = PBXFileReference; lastKnownFileType = folder.assetcatalog; path = Assets.xcassets; sourceTree = "<group>"; };
		1518C6202194BD63004FA8A7 /* Base */ = {isa = PBXFileReference; lastKnownFileType = file.storyboard; name = Base; path = Base.lproj/LaunchScreen.storyboard; sourceTree = "<group>"; };
		1518C6222194BD63004FA8A7 /* Info.plist */ = {isa = PBXFileReference; lastKnownFileType = text.plist.xml; path = Info.plist; sourceTree = "<group>"; };
		1518C6272194BD63004FA8A7 /* RockPaperScissorsTests.xctest */ = {isa = PBXFileReference; explicitFileType = wrapper.cfbundle; includeInIndex = 0; path = RockPaperScissorsTests.xctest; sourceTree = BUILT_PRODUCTS_DIR; };
		1518C62B2194BD63004FA8A7 /* RockPaperScissorsTests.swift */ = {isa = PBXFileReference; lastKnownFileType = sourcecode.swift; path = RockPaperScissorsTests.swift; sourceTree = "<group>"; };
		1518C62D2194BD63004FA8A7 /* Info.plist */ = {isa = PBXFileReference; lastKnownFileType = text.plist.xml; path = Info.plist; sourceTree = "<group>"; };
		46E3E31149574CD8C5B4F915 /* Pods-RockPaperScissors.release.xcconfig */ = {isa = PBXFileReference; includeInIndex = 1; lastKnownFileType = text.xcconfig; name = "Pods-RockPaperScissors.release.xcconfig"; path = "Pods/Target Support Files/Pods-RockPaperScissors/Pods-RockPaperScissors.release.xcconfig"; sourceTree = "<group>"; };
		589D305FBDBF0084037C08B2 /* Pods-RockPaperScissorsTests.debug.xcconfig */ = {isa = PBXFileReference; includeInIndex = 1; lastKnownFileType = text.xcconfig; name = "Pods-RockPaperScissorsTests.debug.xcconfig"; path = "Pods/Target Support Files/Pods-RockPaperScissorsTests/Pods-RockPaperScissorsTests.debug.xcconfig"; sourceTree = "<group>"; };
		6C3A72B1401A513E80AD5A9D /* Pods-RockPaperScissors.debug.xcconfig */ = {isa = PBXFileReference; includeInIndex = 1; lastKnownFileType = text.xcconfig; name = "Pods-RockPaperScissors.debug.xcconfig"; path = "Pods/Target Support Files/Pods-RockPaperScissors/Pods-RockPaperScissors.debug.xcconfig"; sourceTree = "<group>"; };
		8E048A6BC35699EA217BBDEE /* Pods-RockPaperScissorsTests.release.xcconfig */ = {isa = PBXFileReference; includeInIndex = 1; lastKnownFileType = text.xcconfig; name = "Pods-RockPaperScissorsTests.release.xcconfig"; path = "Pods/Target Support Files/Pods-RockPaperScissorsTests/Pods-RockPaperScissorsTests.release.xcconfig"; sourceTree = "<group>"; };
		9DFD7AA449F06665E4AB04BA /* Pods_RockPaperScissors.framework */ = {isa = PBXFileReference; explicitFileType = wrapper.framework; includeInIndex = 0; path = Pods_RockPaperScissors.framework; sourceTree = BUILT_PRODUCTS_DIR; };
		AF7D50AEDAA7040E0E23B6A4 /* Pods_RockPaperScissorsTests.framework */ = {isa = PBXFileReference; explicitFileType = wrapper.framework; includeInIndex = 0; path = Pods_RockPaperScissorsTests.framework; sourceTree = BUILT_PRODUCTS_DIR; };
/* End PBXFileReference section */

/* Begin PBXFrameworksBuildPhase section */
		1518C6102194BD62004FA8A7 /* Frameworks */ = {
			isa = PBXFrameworksBuildPhase;
			buildActionMask = 2147483647;
			files = (
				53FC7FAD446306D73436458E /* Pods_RockPaperScissors.framework in Frameworks */,
			);
			runOnlyForDeploymentPostprocessing = 0;
		};
		1518C6242194BD63004FA8A7 /* Frameworks */ = {
			isa = PBXFrameworksBuildPhase;
			buildActionMask = 2147483647;
			files = (
				0784C8CB70A60F354BAC7D5C /* Pods_RockPaperScissorsTests.framework in Frameworks */,
			);
			runOnlyForDeploymentPostprocessing = 0;
		};
/* End PBXFrameworksBuildPhase section */

/* Begin PBXGroup section */
		1518C60A2194BD62004FA8A7 = {
			isa = PBXGroup;
			children = (
				1518C6152194BD62004FA8A7 /* RockPaperScissors */,
				1518C62A2194BD63004FA8A7 /* RockPaperScissorsTests */,
				1518C6142194BD62004FA8A7 /* Products */,
				8969E627B93DFA9A89D7AF62 /* Pods */,
				700963C326C0EB496F63B07A /* Frameworks */,
			);
			sourceTree = "<group>";
		};
		1518C6142194BD62004FA8A7 /* Products */ = {
			isa = PBXGroup;
			children = (
				1518C6132194BD62004FA8A7 /* RockPaperScissors.app */,
				1518C6272194BD63004FA8A7 /* RockPaperScissorsTests.xctest */,
			);
			name = Products;
			sourceTree = "<group>";
		};
		1518C6152194BD62004FA8A7 /* RockPaperScissors */ = {
			isa = PBXGroup;
			children = (
				1518C6162194BD62004FA8A7 /* AppDelegate.swift */,
				1518C6182194BD62004FA8A7 /* ViewController.swift */,
				1518C61A2194BD62004FA8A7 /* Main.storyboard */,
				1518C61D2194BD63004FA8A7 /* Assets.xcassets */,
				1518C61F2194BD63004FA8A7 /* LaunchScreen.storyboard */,
				1518C6222194BD63004FA8A7 /* Info.plist */,
			);
			path = RockPaperScissors;
			sourceTree = "<group>";
		};
		1518C62A2194BD63004FA8A7 /* RockPaperScissorsTests */ = {
			isa = PBXGroup;
			children = (
				1518C62B2194BD63004FA8A7 /* RockPaperScissorsTests.swift */,
				1518C62D2194BD63004FA8A7 /* Info.plist */,
			);
			path = RockPaperScissorsTests;
			sourceTree = "<group>";
		};
		700963C326C0EB496F63B07A /* Frameworks */ = {
			isa = PBXGroup;
			children = (
				9DFD7AA449F06665E4AB04BA /* Pods_RockPaperScissors.framework */,
				AF7D50AEDAA7040E0E23B6A4 /* Pods_RockPaperScissorsTests.framework */,
			);
			name = Frameworks;
			sourceTree = "<group>";
		};
		8969E627B93DFA9A89D7AF62 /* Pods */ = {
			isa = PBXGroup;
			children = (
				6C3A72B1401A513E80AD5A9D /* Pods-RockPaperScissors.debug.xcconfig */,
				46E3E31149574CD8C5B4F915 /* Pods-RockPaperScissors.release.xcconfig */,
				589D305FBDBF0084037C08B2 /* Pods-RockPaperScissorsTests.debug.xcconfig */,
				8E048A6BC35699EA217BBDEE /* Pods-RockPaperScissorsTests.release.xcconfig */,
			);
			name = Pods;
			sourceTree = "<group>";
		};
/* End PBXGroup section */

/* Begin PBXNativeTarget section */
		1518C6122194BD62004FA8A7 /* RockPaperScissors */ = {
			isa = PBXNativeTarget;
			buildConfigurationList = 1518C6302194BD63004FA8A7 /* Build configuration list for PBXNativeTarget "RockPaperScissors" */;
			buildPhases = (
				791B20BDB733B6A8ACC11CDE /* [CP] Check Pods Manifest.lock */,
				1518C60F2194BD62004FA8A7 /* Sources */,
				1518C6102194BD62004FA8A7 /* Frameworks */,
				1518C6112194BD62004FA8A7 /* Resources */,
			);
			buildRules = (
			);
			dependencies = (
			);
			name = RockPaperScissors;
			productName = RockPaperScissors;
			productReference = 1518C6132194BD62004FA8A7 /* RockPaperScissors.app */;
			productType = "com.apple.product-type.application";
		};
		1518C6262194BD63004FA8A7 /* RockPaperScissorsTests */ = {
			isa = PBXNativeTarget;
			buildConfigurationList = 1518C6332194BD63004FA8A7 /* Build configuration list for PBXNativeTarget "RockPaperScissorsTests" */;
			buildPhases = (
				20E37C2806BDE3AAE4E51C05 /* [CP] Check Pods Manifest.lock */,
				1518C6232194BD63004FA8A7 /* Sources */,
				1518C6242194BD63004FA8A7 /* Frameworks */,
				1518C6252194BD63004FA8A7 /* Resources */,
				D36D45048E98BD684B3BE41D /* [CP] Embed Pods Frameworks */,
			);
			buildRules = (
			);
			dependencies = (
				1518C6292194BD63004FA8A7 /* PBXTargetDependency */,
			);
			name = RockPaperScissorsTests;
			productName = RockPaperScissorsTests;
			productReference = 1518C6272194BD63004FA8A7 /* RockPaperScissorsTests.xctest */;
			productType = "com.apple.product-type.bundle.unit-test";
		};
/* End PBXNativeTarget section */

/* Begin PBXProject section */
		1518C60B2194BD62004FA8A7 /* Project object */ = {
			isa = PBXProject;
			attributes = {
				LastSwiftUpdateCheck = 1000;
				LastUpgradeCheck = 1000;
				ORGANIZATIONNAME = "David Lam";
				TargetAttributes = {
					1518C6122194BD62004FA8A7 = {
						CreatedOnToolsVersion = 10.0;
					};
					1518C6262194BD63004FA8A7 = {
						CreatedOnToolsVersion = 10.0;
						TestTargetID = 1518C6122194BD62004FA8A7;
					};
				};
			};
			buildConfigurationList = 1518C60E2194BD62004FA8A7 /* Build configuration list for PBXProject "RockPaperScissors" */;
			compatibilityVersion = "Xcode 9.3";
			developmentRegion = en;
			hasScannedForEncodings = 0;
			knownRegions = (
				en,
				Base,
			);
			mainGroup = 1518C60A2194BD62004FA8A7;
			productRefGroup = 1518C6142194BD62004FA8A7 /* Products */;
			projectDirPath = "";
			projectRoot = "";
			targets = (
				1518C6122194BD62004FA8A7 /* RockPaperScissors */,
				1518C6262194BD63004FA8A7 /* RockPaperScissorsTests */,
			);
		};
/* End PBXProject section */

/* Begin PBXResourcesBuildPhase section */
		1518C6112194BD62004FA8A7 /* Resources */ = {
			isa = PBXResourcesBuildPhase;
			buildActionMask = 2147483647;
			files = (
				1518C6212194BD63004FA8A7 /* LaunchScreen.storyboard in Resources */,
				1518C61E2194BD63004FA8A7 /* Assets.xcassets in Resources */,
				1518C61C2194BD62004FA8A7 /* Main.storyboard in Resources */,
			);
			runOnlyForDeploymentPostprocessing = 0;
		};
		1518C6252194BD63004FA8A7 /* Resources */ = {
			isa = PBXResourcesBuildPhase;
			buildActionMask = 2147483647;
			files = (
			);
			runOnlyForDeploymentPostprocessing = 0;
		};
/* End PBXResourcesBuildPhase section */

/* Begin PBXShellScriptBuildPhase section */
		20E37C2806BDE3AAE4E51C05 /* [CP] Check Pods Manifest.lock */ = {
			isa = PBXShellScriptBuildPhase;
			buildActionMask = 2147483647;
			files = (
			);
			inputFileListPaths = (
			);
			inputPaths = (
				"${PODS_PODFILE_DIR_PATH}/Podfile.lock",
				"${PODS_ROOT}/Manifest.lock",
			);
			name = "[CP] Check Pods Manifest.lock";
			outputFileListPaths = (
			);
			outputPaths = (
				"$(DERIVED_FILE_DIR)/Pods-RockPaperScissorsTests-checkManifestLockResult.txt",
			);
			runOnlyForDeploymentPostprocessing = 0;
			shellPath = /bin/sh;
			shellScript = "diff \"${PODS_PODFILE_DIR_PATH}/Podfile.lock\" \"${PODS_ROOT}/Manifest.lock\" > /dev/null\nif [ $? != 0 ] ; then\n    # print error to STDERR\n    echo \"error: The sandbox is not in sync with the Podfile.lock. Run 'pod install' or update your CocoaPods installation.\" >&2\n    exit 1\nfi\n# This output is used by Xcode 'outputs' to avoid re-running this script phase.\necho \"SUCCESS\" > \"${SCRIPT_OUTPUT_FILE_0}\"\n";
			showEnvVarsInLog = 0;
		};
		791B20BDB733B6A8ACC11CDE /* [CP] Check Pods Manifest.lock */ = {
			isa = PBXShellScriptBuildPhase;
			buildActionMask = 2147483647;
			files = (
			);
			inputFileListPaths = (
			);
			inputPaths = (
				"${PODS_PODFILE_DIR_PATH}/Podfile.lock",
				"${PODS_ROOT}/Manifest.lock",
			);
			name = "[CP] Check Pods Manifest.lock";
			outputFileListPaths = (
			);
			outputPaths = (
				"$(DERIVED_FILE_DIR)/Pods-RockPaperScissors-checkManifestLockResult.txt",
			);
			runOnlyForDeploymentPostprocessing = 0;
			shellPath = /bin/sh;
			shellScript = "diff \"${PODS_PODFILE_DIR_PATH}/Podfile.lock\" \"${PODS_ROOT}/Manifest.lock\" > /dev/null\nif [ $? != 0 ] ; then\n    # print error to STDERR\n    echo \"error: The sandbox is not in sync with the Podfile.lock. Run 'pod install' or update your CocoaPods installation.\" >&2\n    exit 1\nfi\n# This output is used by Xcode 'outputs' to avoid re-running this script phase.\necho \"SUCCESS\" > \"${SCRIPT_OUTPUT_FILE_0}\"\n";
			showEnvVarsInLog = 0;
		};
		D36D45048E98BD684B3BE41D /* [CP] Embed Pods Frameworks */ = {
			isa = PBXShellScriptBuildPhase;
			buildActionMask = 2147483647;
			files = (
			);
			inputFileListPaths = (
			);
			inputPaths = (
				"${SRCROOT}/Pods/Target Support Files/Pods-RockPaperScissorsTests/Pods-RockPaperScissorsTests-frameworks.sh",
				"${BUILT_PRODUCTS_DIR}/Nimble/Nimble.framework",
				"${BUILT_PRODUCTS_DIR}/Quick/Quick.framework",
			);
			name = "[CP] Embed Pods Frameworks";
			outputFileListPaths = (
			);
			outputPaths = (
				"${TARGET_BUILD_DIR}/${FRAMEWORKS_FOLDER_PATH}/Nimble.framework",
				"${TARGET_BUILD_DIR}/${FRAMEWORKS_FOLDER_PATH}/Quick.framework",
			);
			runOnlyForDeploymentPostprocessing = 0;
			shellPath = /bin/sh;
			shellScript = "\"${SRCROOT}/Pods/Target Support Files/Pods-RockPaperScissorsTests/Pods-RockPaperScissorsTests-frameworks.sh\"\n";
			showEnvVarsInLog = 0;
		};
/* End PBXShellScriptBuildPhase section */

/* Begin PBXSourcesBuildPhase section */
		1518C60F2194BD62004FA8A7 /* Sources */ = {
			isa = PBXSourcesBuildPhase;
			buildActionMask = 2147483647;
			files = (
				1518C6192194BD62004FA8A7 /* ViewController.swift in Sources */,
				1518C6172194BD62004FA8A7 /* AppDelegate.swift in Sources */,
			);
			runOnlyForDeploymentPostprocessing = 0;
		};
		1518C6232194BD63004FA8A7 /* Sources */ = {
			isa = PBXSourcesBuildPhase;
			buildActionMask = 2147483647;
			files = (
				1518C62C2194BD63004FA8A7 /* RockPaperScissorsTests.swift in Sources */,
			);
			runOnlyForDeploymentPostprocessing = 0;
		};
/* End PBXSourcesBuildPhase section */

/* Begin PBXTargetDependency section */
		1518C6292194BD63004FA8A7 /* PBXTargetDependency */ = {
			isa = PBXTargetDependency;
			target = 1518C6122194BD62004FA8A7 /* RockPaperScissors */;
			targetProxy = 1518C6282194BD63004FA8A7 /* PBXContainerItemProxy */;
		};
/* End PBXTargetDependency section */

/* Begin PBXVariantGroup section */
		1518C61A2194BD62004FA8A7 /* Main.storyboard */ = {
			isa = PBXVariantGroup;
			children = (
				1518C61B2194BD62004FA8A7 /* Base */,
			);
			name = Main.storyboard;
			sourceTree = "<group>";
		};
		1518C61F2194BD63004FA8A7 /* LaunchScreen.storyboard */ = {
			isa = PBXVariantGroup;
			children = (
				1518C6202194BD63004FA8A7 /* Base */,
			);
			name = LaunchScreen.storyboard;
			sourceTree = "<group>";
		};
/* End PBXVariantGroup section */

/* Begin XCBuildConfiguration section */
		1518C62E2194BD63004FA8A7 /* Debug */ = {
			isa = XCBuildConfiguration;
			buildSettings = {
				ALWAYS_SEARCH_USER_PATHS = NO;
				CLANG_ANALYZER_NONNULL = YES;
				CLANG_ANALYZER_NUMBER_OBJECT_CONVERSION = YES_AGGRESSIVE;
				CLANG_CXX_LANGUAGE_STANDARD = "gnu++14";
				CLANG_CXX_LIBRARY = "libc++";
				CLANG_ENABLE_MODULES = YES;
				CLANG_ENABLE_OBJC_ARC = YES;
				CLANG_ENABLE_OBJC_WEAK = YES;
				CLANG_WARN_BLOCK_CAPTURE_AUTORELEASING = YES;
				CLANG_WARN_BOOL_CONVERSION = YES;
				CLANG_WARN_COMMA = YES;
				CLANG_WARN_CONSTANT_CONVERSION = YES;
				CLANG_WARN_DEPRECATED_OBJC_IMPLEMENTATIONS = YES;
				CLANG_WARN_DIRECT_OBJC_ISA_USAGE = YES_ERROR;
				CLANG_WARN_DOCUMENTATION_COMMENTS = YES;
				CLANG_WARN_EMPTY_BODY = YES;
				CLANG_WARN_ENUM_CONVERSION = YES;
				CLANG_WARN_INFINITE_RECURSION = YES;
				CLANG_WARN_INT_CONVERSION = YES;
				CLANG_WARN_NON_LITERAL_NULL_CONVERSION = YES;
				CLANG_WARN_OBJC_IMPLICIT_RETAIN_SELF = YES;
				CLANG_WARN_OBJC_LITERAL_CONVERSION = YES;
				CLANG_WARN_OBJC_ROOT_CLASS = YES_ERROR;
				CLANG_WARN_RANGE_LOOP_ANALYSIS = YES;
				CLANG_WARN_STRICT_PROTOTYPES = YES;
				CLANG_WARN_SUSPICIOUS_MOVE = YES;
				CLANG_WARN_UNGUARDED_AVAILABILITY = YES_AGGRESSIVE;
				CLANG_WARN_UNREACHABLE_CODE = YES;
				CLANG_WARN__DUPLICATE_METHOD_MATCH = YES;
				CODE_SIGN_IDENTITY = "iPhone Developer";
				COPY_PHASE_STRIP = NO;
				DEBUG_INFORMATION_FORMAT = dwarf;
				ENABLE_STRICT_OBJC_MSGSEND = YES;
				ENABLE_TESTABILITY = YES;
				GCC_C_LANGUAGE_STANDARD = gnu11;
				GCC_DYNAMIC_NO_PIC = NO;
				GCC_NO_COMMON_BLOCKS = YES;
				GCC_OPTIMIZATION_LEVEL = 0;
				GCC_PREPROCESSOR_DEFINITIONS = (
					"DEBUG=1",
					"$(inherited)",
				);
				GCC_WARN_64_TO_32_BIT_CONVERSION = YES;
				GCC_WARN_ABOUT_RETURN_TYPE = YES_ERROR;
				GCC_WARN_UNDECLARED_SELECTOR = YES;
				GCC_WARN_UNINITIALIZED_AUTOS = YES_AGGRESSIVE;
				GCC_WARN_UNUSED_FUNCTION = YES;
				GCC_WARN_UNUSED_VARIABLE = YES;
				IPHONEOS_DEPLOYMENT_TARGET = 12.0;
				MTL_ENABLE_DEBUG_INFO = INCLUDE_SOURCE;
				MTL_FAST_MATH = YES;
				ONLY_ACTIVE_ARCH = YES;
				SDKROOT = iphoneos;
				SWIFT_ACTIVE_COMPILATION_CONDITIONS = DEBUG;
				SWIFT_OPTIMIZATION_LEVEL = "-Onone";
			};
			name = Debug;
		};
		1518C62F2194BD63004FA8A7 /* Release */ = {
			isa = XCBuildConfiguration;
			buildSettings = {
				ALWAYS_SEARCH_USER_PATHS = NO;
				CLANG_ANALYZER_NONNULL = YES;
				CLANG_ANALYZER_NUMBER_OBJECT_CONVERSION = YES_AGGRESSIVE;
				CLANG_CXX_LANGUAGE_STANDARD = "gnu++14";
				CLANG_CXX_LIBRARY = "libc++";
				CLANG_ENABLE_MODULES = YES;
				CLANG_ENABLE_OBJC_ARC = YES;
				CLANG_ENABLE_OBJC_WEAK = YES;
				CLANG_WARN_BLOCK_CAPTURE_AUTORELEASING = YES;
				CLANG_WARN_BOOL_CONVERSION = YES;
				CLANG_WARN_COMMA = YES;
				CLANG_WARN_CONSTANT_CONVERSION = YES;
				CLANG_WARN_DEPRECATED_OBJC_IMPLEMENTATIONS = YES;
				CLANG_WARN_DIRECT_OBJC_ISA_USAGE = YES_ERROR;
				CLANG_WARN_DOCUMENTATION_COMMENTS = YES;
				CLANG_WARN_EMPTY_BODY = YES;
				CLANG_WARN_ENUM_CONVERSION = YES;
				CLANG_WARN_INFINITE_RECURSION = YES;
				CLANG_WARN_INT_CONVERSION = YES;
				CLANG_WARN_NON_LITERAL_NULL_CONVERSION = YES;
				CLANG_WARN_OBJC_IMPLICIT_RETAIN_SELF = YES;
				CLANG_WARN_OBJC_LITERAL_CONVERSION = YES;
				CLANG_WARN_OBJC_ROOT_CLASS = YES_ERROR;
				CLANG_WARN_RANGE_LOOP_ANALYSIS = YES;
				CLANG_WARN_STRICT_PROTOTYPES = YES;
				CLANG_WARN_SUSPICIOUS_MOVE = YES;
				CLANG_WARN_UNGUARDED_AVAILABILITY = YES_AGGRESSIVE;
				CLANG_WARN_UNREACHABLE_CODE = YES;
				CLANG_WARN__DUPLICATE_METHOD_MATCH = YES;
				CODE_SIGN_IDENTITY = "iPhone Developer";
				COPY_PHASE_STRIP = NO;
				DEBUG_INFORMATION_FORMAT = "dwarf-with-dsym";
				ENABLE_NS_ASSERTIONS = NO;
				ENABLE_STRICT_OBJC_MSGSEND = YES;
				GCC_C_LANGUAGE_STANDARD = gnu11;
				GCC_NO_COMMON_BLOCKS = YES;
				GCC_WARN_64_TO_32_BIT_CONVERSION = YES;
				GCC_WARN_ABOUT_RETURN_TYPE = YES_ERROR;
				GCC_WARN_UNDECLARED_SELECTOR = YES;
				GCC_WARN_UNINITIALIZED_AUTOS = YES_AGGRESSIVE;
				GCC_WARN_UNUSED_FUNCTION = YES;
				GCC_WARN_UNUSED_VARIABLE = YES;
				IPHONEOS_DEPLOYMENT_TARGET = 12.0;
				MTL_ENABLE_DEBUG_INFO = NO;
				MTL_FAST_MATH = YES;
				SDKROOT = iphoneos;
				SWIFT_COMPILATION_MODE = wholemodule;
				SWIFT_OPTIMIZATION_LEVEL = "-O";
				VALIDATE_PRODUCT = YES;
			};
			name = Release;
		};
		1518C6312194BD63004FA8A7 /* Debug */ = {
			isa = XCBuildConfiguration;
			baseConfigurationReference = 6C3A72B1401A513E80AD5A9D /* Pods-RockPaperScissors.debug.xcconfig */;
			buildSettings = {
				ASSETCATALOG_COMPILER_APPICON_NAME = AppIcon;
				CODE_SIGN_STYLE = Automatic;
				INFOPLIST_FILE = RockPaperScissors/Info.plist;
				LD_RUNPATH_SEARCH_PATHS = (
					"$(inherited)",
					"@executable_path/Frameworks",
				);
				PRODUCT_BUNDLE_IDENTIFIER = abc.RockPaperScissors;
				PRODUCT_NAME = "$(TARGET_NAME)";
				SWIFT_VERSION = 4.2;
				TARGETED_DEVICE_FAMILY = "1,2";
			};
			name = Debug;
		};
		1518C6322194BD63004FA8A7 /* Release */ = {
			isa = XCBuildConfiguration;
			baseConfigurationReference = 46E3E31149574CD8C5B4F915 /* Pods-RockPaperScissors.release.xcconfig */;
			buildSettings = {
				ASSETCATALOG_COMPILER_APPICON_NAME = AppIcon;
				CODE_SIGN_STYLE = Automatic;
				INFOPLIST_FILE = RockPaperScissors/Info.plist;
				LD_RUNPATH_SEARCH_PATHS = (
					"$(inherited)",
					"@executable_path/Frameworks",
				);
				PRODUCT_BUNDLE_IDENTIFIER = abc.RockPaperScissors;
				PRODUCT_NAME = "$(TARGET_NAME)";
				SWIFT_VERSION = 4.2;
				TARGETED_DEVICE_FAMILY = "1,2";
			};
			name = Release;
		};
		1518C6342194BD63004FA8A7 /* Debug */ = {
			isa = XCBuildConfiguration;
			baseConfigurationReference = 589D305FBDBF0084037C08B2 /* Pods-RockPaperScissorsTests.debug.xcconfig */;
			buildSettings = {
				ALWAYS_EMBED_SWIFT_STANDARD_LIBRARIES = YES;
				BUNDLE_LOADER = "$(TEST_HOST)";
				CODE_SIGN_STYLE = Automatic;
				INFOPLIST_FILE = RockPaperScissorsTests/Info.plist;
				LD_RUNPATH_SEARCH_PATHS = (
					"$(inherited)",
					"@executable_path/Frameworks",
					"@loader_path/Frameworks",
				);
				PRODUCT_BUNDLE_IDENTIFIER = abc.RockPaperScissorsTests;
				PRODUCT_NAME = "$(TARGET_NAME)";
				SWIFT_VERSION = 4.2;
				TARGETED_DEVICE_FAMILY = "1,2";
				TEST_HOST = "$(BUILT_PRODUCTS_DIR)/RockPaperScissors.app/RockPaperScissors";
			};
			name = Debug;
		};
		1518C6352194BD63004FA8A7 /* Release */ = {
			isa = XCBuildConfiguration;
			baseConfigurationReference = 8E048A6BC35699EA217BBDEE /* Pods-RockPaperScissorsTests.release.xcconfig */;
			buildSettings = {
				ALWAYS_EMBED_SWIFT_STANDARD_LIBRARIES = YES;
				BUNDLE_LOADER = "$(TEST_HOST)";
				CODE_SIGN_STYLE = Automatic;
				INFOPLIST_FILE = RockPaperScissorsTests/Info.plist;
				LD_RUNPATH_SEARCH_PATHS = (
					"$(inherited)",
					"@executable_path/Frameworks",
					"@loader_path/Frameworks",
				);
				PRODUCT_BUNDLE_IDENTIFIER = abc.RockPaperScissorsTests;
				PRODUCT_NAME = "$(TARGET_NAME)";
				SWIFT_VERSION = 4.2;
				TARGETED_DEVICE_FAMILY = "1,2";
				TEST_HOST = "$(BUILT_PRODUCTS_DIR)/RockPaperScissors.app/RockPaperScissors";
			};
			name = Release;
		};
/* End XCBuildConfiguration section */

/* Begin XCConfigurationList section */
		1518C60E2194BD62004FA8A7 /* Build configuration list for PBXProject "RockPaperScissors" */ = {
			isa = XCConfigurationList;
			buildConfigurations = (
				1518C62E2194BD63004FA8A7 /* Debug */,
				1518C62F2194BD63004FA8A7 /* Release */,
			);
			defaultConfigurationIsVisible = 0;
			defaultConfigurationName = Release;
		};
		1518C6302194BD63004FA8A7 /* Build configuration list for PBXNativeTarget "RockPaperScissors" */ = {
			isa = XCConfigurationList;
			buildConfigurations = (
				1518C6312194BD63004FA8A7 /* Debug */,
				1518C6322194BD63004FA8A7 /* Release */,
			);
			defaultConfigurationIsVisible = 0;
			defaultConfigurationName = Release;
		};
		1518C6332194BD63004FA8A7 /* Build configuration list for PBXNativeTarget "RockPaperScissorsTests" */ = {
			isa = XCConfigurationList;
			buildConfigurations = (
				1518C6342194BD63004FA8A7 /* Debug */,
				1518C6352194BD63004FA8A7 /* Release */,
			);
			defaultConfigurationIsVisible = 0;
			defaultConfigurationName = Release;
		};
/* End XCConfigurationList section */
	};
	rootObject = 1518C60B2194BD62004FA8A7 /* Project object */;
}
